
Microsoft Visual Studio Solution File, Format Version 12.00
# Visual Studio Version 16
VisualStudioVersion = 16.0.30002.166
MinimumVisualStudioVersion = 10.0.40219.1
Project("{FAE04EC0-301F-11D3-BF4B-00C04F79EFBC}") = "Ejercicio Nro 8", "Ejercicio Nro 8\Ejercicio Nro 8.csproj", "{505FF5A3-7A2C-4F2E-8F8B-E158F745F360}"
EndProject
Global
	GlobalSection(SolutionConfigurationPlatforms) = preSolution
		Debug|Any CPU = Debug|Any CPU
		Release|Any CPU = Release|Any CPU
	EndGlobalSection
	GlobalSection(ProjectConfigurationPlatforms) = postSolution
		{505FF5A3-7A2C-4F2E-8F8B-E158F745F360}.Debug|Any CPU.ActiveCfg = Debug|Any CPU
		{505FF5A3-7A2C-4F2E-8F8B-E158F745F360}.Debug|Any CPU.Build.0 = Debug|Any CPU
		{505FF5A3-7A2C-4F2E-8F8B-E158F745F360}.Release|Any CPU.ActiveCfg = Release|Any CPU
		{505FF5A3-7A2C-4F2E-8F8B-E158F745F360}.Release|Any CPU.Build.0 = Release|Any CPU
	EndGlobalSection
	GlobalSection(SolutionProperties) = preSolution
		HideSolutionNode = FALSE
	EndGlobalSection
	GlobalSection(ExtensibilityGlobals) = postSolution
		SolutionGuid = {44515BB0-9312-425A-B706-D4886F29AB12}
	EndGlobalSection
EndGlobal
