
Microsoft Visual Studio Solution File, Format Version 12.00
# Visual Studio Version 16
VisualStudioVersion = 16.0.30002.166
MinimumVisualStudioVersion = 10.0.40219.1
Project("{FAE04EC0-301F-11D3-BF4B-00C04F79EFBC}") = "Billetes", "Ejercicio Nro 20\Billetes.csproj", "{441D2D83-1EAA-4220-9318-C35DED438CFE}"
EndProject
Project("{FAE04EC0-301F-11D3-BF4B-00C04F79EFBC}") = "ConsoleApp1", "ConsoleApp1\ConsoleApp1.csproj", "{761F848B-D730-42C7-AB8A-960AA811C9DF}"
EndProject
Global
	GlobalSection(SolutionConfigurationPlatforms) = preSolution
		Debug|Any CPU = Debug|Any CPU
		Release|Any CPU = Release|Any CPU
	EndGlobalSection
	GlobalSection(ProjectConfigurationPlatforms) = postSolution
		{441D2D83-1EAA-4220-9318-C35DED438CFE}.Debug|Any CPU.ActiveCfg = Debug|Any CPU
		{441D2D83-1EAA-4220-9318-C35DED438CFE}.Debug|Any CPU.Build.0 = Debug|Any CPU
		{441D2D83-1EAA-4220-9318-C35DED438CFE}.Release|Any CPU.ActiveCfg = Release|Any CPU
		{441D2D83-1EAA-4220-9318-C35DED438CFE}.Release|Any CPU.Build.0 = Release|Any CPU
		{761F848B-D730-42C7-AB8A-960AA811C9DF}.Debug|Any CPU.ActiveCfg = Debug|Any CPU
		{761F848B-D730-42C7-AB8A-960AA811C9DF}.Debug|Any CPU.Build.0 = Debug|Any CPU
		{761F848B-D730-42C7-AB8A-960AA811C9DF}.Release|Any CPU.ActiveCfg = Release|Any CPU
		{761F848B-D730-42C7-AB8A-960AA811C9DF}.Release|Any CPU.Build.0 = Release|Any CPU
	EndGlobalSection
	GlobalSection(SolutionProperties) = preSolution
		HideSolutionNode = FALSE
	EndGlobalSection
	GlobalSection(ExtensibilityGlobals) = postSolution
		SolutionGuid = {A66522FA-1D57-427E-BC52-4CC4386799D4}
	EndGlobalSection
EndGlobal
