
Microsoft Visual Studio Solution File, Format Version 12.00
# Visual Studio Version 16
VisualStudioVersion = 16.0.30002.166
MinimumVisualStudioVersion = 10.0.40219.1
Project("{FAE04EC0-301F-11D3-BF4B-00C04F79EFBC}") = "Ejercicio Nro 11", "Ejercicio Nro 11\Ejercicio Nro 11.csproj", "{162AB14A-3EC6-4D5B-8741-90E93ACFAF6C}"
EndProject
Global
	GlobalSection(SolutionConfigurationPlatforms) = preSolution
		Debug|Any CPU = Debug|Any CPU
		Release|Any CPU = Release|Any CPU
	EndGlobalSection
	GlobalSection(ProjectConfigurationPlatforms) = postSolution
		{162AB14A-3EC6-4D5B-8741-90E93ACFAF6C}.Debug|Any CPU.ActiveCfg = Debug|Any CPU
		{162AB14A-3EC6-4D5B-8741-90E93ACFAF6C}.Debug|Any CPU.Build.0 = Debug|Any CPU
		{162AB14A-3EC6-4D5B-8741-90E93ACFAF6C}.Release|Any CPU.ActiveCfg = Release|Any CPU
		{162AB14A-3EC6-4D5B-8741-90E93ACFAF6C}.Release|Any CPU.Build.0 = Release|Any CPU
	EndGlobalSection
	GlobalSection(SolutionProperties) = preSolution
		HideSolutionNode = FALSE
	EndGlobalSection
	GlobalSection(ExtensibilityGlobals) = postSolution
		SolutionGuid = {8880EDB4-C9BE-4489-8AFF-8DEC95AD2561}
	EndGlobalSection
EndGlobal
