
Microsoft Visual Studio Solution File, Format Version 12.00
# Visual Studio Version 16
VisualStudioVersion = 16.0.30002.166
MinimumVisualStudioVersion = 10.0.40219.1
Project("{FAE04EC0-301F-11D3-BF4B-00C04F79EFBC}") = "Ejercicio Nro 40", "Ejercicio Nro 40\Ejercicio Nro 40.csproj", "{13F7782C-582F-46F2-979A-64EF04BC6448}"
EndProject
Project("{FAE04EC0-301F-11D3-BF4B-00C04F79EFBC}") = "Ejercicio Nro 40 Consola", "Ejercicio Nro 40 Consola\Ejercicio Nro 40 Consola.csproj", "{AB001147-B6E7-4540-BF85-E9041F290DCD}"
EndProject
Project("{FAE04EC0-301F-11D3-BF4B-00C04F79EFBC}") = "Ejercicio Nro 40 Form", "Ejercicio Nro 40 Form\Ejercicio Nro 40 Form.csproj", "{2CC1670A-E94F-42C4-B645-38B65EE31F0C}"
EndProject
Global
	GlobalSection(SolutionConfigurationPlatforms) = preSolution
		Debug|Any CPU = Debug|Any CPU
		Release|Any CPU = Release|Any CPU
	EndGlobalSection
	GlobalSection(ProjectConfigurationPlatforms) = postSolution
		{13F7782C-582F-46F2-979A-64EF04BC6448}.Debug|Any CPU.ActiveCfg = Debug|Any CPU
		{13F7782C-582F-46F2-979A-64EF04BC6448}.Debug|Any CPU.Build.0 = Debug|Any CPU
		{13F7782C-582F-46F2-979A-64EF04BC6448}.Release|Any CPU.ActiveCfg = Release|Any CPU
		{13F7782C-582F-46F2-979A-64EF04BC6448}.Release|Any CPU.Build.0 = Release|Any CPU
		{AB001147-B6E7-4540-BF85-E9041F290DCD}.Debug|Any CPU.ActiveCfg = Debug|Any CPU
		{AB001147-B6E7-4540-BF85-E9041F290DCD}.Debug|Any CPU.Build.0 = Debug|Any CPU
		{AB001147-B6E7-4540-BF85-E9041F290DCD}.Release|Any CPU.ActiveCfg = Release|Any CPU
		{AB001147-B6E7-4540-BF85-E9041F290DCD}.Release|Any CPU.Build.0 = Release|Any CPU
		{2CC1670A-E94F-42C4-B645-38B65EE31F0C}.Debug|Any CPU.ActiveCfg = Debug|Any CPU
		{2CC1670A-E94F-42C4-B645-38B65EE31F0C}.Debug|Any CPU.Build.0 = Debug|Any CPU
		{2CC1670A-E94F-42C4-B645-38B65EE31F0C}.Release|Any CPU.ActiveCfg = Release|Any CPU
		{2CC1670A-E94F-42C4-B645-38B65EE31F0C}.Release|Any CPU.Build.0 = Release|Any CPU
	EndGlobalSection
	GlobalSection(SolutionProperties) = preSolution
		HideSolutionNode = FALSE
	EndGlobalSection
	GlobalSection(ExtensibilityGlobals) = postSolution
		SolutionGuid = {B8FBCB24-C09F-49DE-B69A-E2BA2009CAB4}
	EndGlobalSection
EndGlobal
